
Microsoft Visual Studio Solution File, Format Version 12.00
# Visual Studio 15
VisualStudioVersion = 15.0.28307.271
MinimumVisualStudioVersion = 10.0.40219.1
Project("{9A19103F-16F7-4668-BE54-9A1E7A4F7556}") = "eWAY.Rapid", "eWAY.Rapid\eWAY.Rapid.csproj", "{989EDDF7-D8E7-4CF0-B343-360845153BC3}"
EndProject
Project("{FAE04EC0-301F-11D3-BF4B-00C04F79EFBC}") = "eWAY.Rapid.Tests", "eWAY.Rapid.Tests\eWAY.Rapid.Tests.csproj", "{F3291AF5-2FFA-4D5B-BEF3-9FF0CAFFDF8F}"
EndProject
Global
	GlobalSection(SolutionConfigurationPlatforms) = preSolution
		Debug|Any CPU = Debug|Any CPU
		Release|Any CPU = Release|Any CPU
	EndGlobalSection
	GlobalSection(ProjectConfigurationPlatforms) = postSolution
		{989EDDF7-D8E7-4CF0-B343-360845153BC3}.Debug|Any CPU.ActiveCfg = Debug|Any CPU
		{989EDDF7-D8E7-4CF0-B343-360845153BC3}.Debug|Any CPU.Build.0 = Debug|Any CPU
		{989EDDF7-D8E7-4CF0-B343-360845153BC3}.Release|Any CPU.ActiveCfg = Release|Any CPU
		{989EDDF7-D8E7-4CF0-B343-360845153BC3}.Release|Any CPU.Build.0 = Release|Any CPU
		{F3291AF5-2FFA-4D5B-BEF3-9FF0CAFFDF8F}.Debug|Any CPU.ActiveCfg = Debug|Any CPU
		{F3291AF5-2FFA-4D5B-BEF3-9FF0CAFFDF8F}.Debug|Any CPU.Build.0 = Debug|Any CPU
		{F3291AF5-2FFA-4D5B-BEF3-9FF0CAFFDF8F}.Release|Any CPU.ActiveCfg = Release|Any CPU
		{F3291AF5-2FFA-4D5B-BEF3-9FF0CAFFDF8F}.Release|Any CPU.Build.0 = Release|Any CPU
	EndGlobalSection
	GlobalSection(SolutionProperties) = preSolution
		HideSolutionNode = FALSE
	EndGlobalSection
	GlobalSection(ExtensibilityGlobals) = postSolution
		SolutionGuid = {F8B4EBB1-0591-41D5-8F0C-14F466BC4C98}
	EndGlobalSection
EndGlobal
